// !$*UTF8*$!
{
	archiveVersion = 1;
	classes = {
	};
	objectVersion = 54;
	objects = {

/* Begin PBXBuildFile section */
		28C545F62C1C83D30021AA71 /* LGVGroupController.m in Sources */ = {isa = PBXBuildFile; fileRef = 28C545F52C1C83D30021AA71 /* LGVGroupController.m */; };
		28C545FA2C1D37A80021AA71 /* LGVGroupAxis.m in Sources */ = {isa = PBXBuildFile; fileRef = 28C545F92C1D37A80021AA71 /* LGVGroupAxis.m */; };
		28C545FF2C1FD3EF0021AA71 /* LGHGroupAxis.m in Sources */ = {isa = PBXBuildFile; fileRef = 28C545FE2C1FD3EF0021AA71 /* LGHGroupAxis.m */; };
		28C546022C1FD4140021AA71 /* LGHGroupController.m in Sources */ = {isa = PBXBuildFile; fileRef = 28C546012C1FD4140021AA71 /* LGHGroupController.m */; };
		28C546062C1FDC0D0021AA71 /* LGZGroupController.m in Sources */ = {isa = PBXBuildFile; fileRef = 28C546052C1FDC0D0021AA71 /* LGZGroupController.m */; };
		28C546092C1FDC370021AA71 /* LGZGroupAxis.m in Sources */ = {isa = PBXBuildFile; fileRef = 28C546082C1FDC370021AA71 /* LGZGroupAxis.m */; };
		28C5460D2C1FDFC70021AA71 /* LGComposeController.m in Sources */ = {isa = PBXBuildFile; fileRef = 28C5460C2C1FDFC70021AA71 /* LGComposeController.m */; };
		28C546102C1FE11D0021AA71 /* LGComposeCube.m in Sources */ = {isa = PBXBuildFile; fileRef = 28C5460F2C1FE11D0021AA71 /* LGComposeCube.m */; };
		28C546132C1FE1370021AA71 /* LGComposeAxis.m in Sources */ = {isa = PBXBuildFile; fileRef = 28C546122C1FE1370021AA71 /* LGComposeAxis.m */; };
		28C546162C1FE5BA0021AA71 /* LGHeaderCube.m in Sources */ = {isa = PBXBuildFile; fileRef = 28C546152C1FE5BA0021AA71 /* LGHeaderCube.m */; };
		28C546192C1FE7E00021AA71 /* LGSeatCube.m in Sources */ = {isa = PBXBuildFile; fileRef = 28C546182C1FE7E00021AA71 /* LGSeatCube.m */; };
		28C5461C2C1FE8260021AA71 /* LGMiddleCube.m in Sources */ = {isa = PBXBuildFile; fileRef = 28C5461B2C1FE8260021AA71 /* LGMiddleCube.m */; };
		28C5461F2C1FE83E0021AA71 /* LGChatCube.m in Sources */ = {isa = PBXBuildFile; fileRef = 28C5461E2C1FE83E0021AA71 /* LGChatCube.m */; };
		28C546222C1FE8660021AA71 /* LGSiderCube.m in Sources */ = {isa = PBXBuildFile; fileRef = 28C546212C1FE8660021AA71 /* LGSiderCube.m */; };
		28C546252C1FE8870021AA71 /* LGInputCube.m in Sources */ = {isa = PBXBuildFile; fileRef = 28C546242C1FE8870021AA71 /* LGInputCube.m */; };
		28C546282C1FF7B50021AA71 /* LGLayerCube.m in Sources */ = {isa = PBXBuildFile; fileRef = 28C546272C1FF7B50021AA71 /* LGLayerCube.m */; };
		28C5462B2C1FF8AF0021AA71 /* LGInputPresentCube.m in Sources */ = {isa = PBXBuildFile; fileRef = 28C5462A2C1FF8AF0021AA71 /* LGInputPresentCube.m */; };
		28C5462E2C2002280021AA71 /* LGEventBus.m in Sources */ = {isa = PBXBuildFile; fileRef = 28C5462D2C2002280021AA71 /* LGEventBus.m */; };
		788210ED27C781A600869AFF /* LGLiveStreamCube.m in Sources */ = {isa = PBXBuildFile; fileRef = 788210E727C781A600869AFF /* LGLiveStreamCube.m */; };
		788210EE27C781A600869AFF /* LGLiveCoverCube.m in Sources */ = {isa = PBXBuildFile; fileRef = 788210EA27C781A600869AFF /* LGLiveCoverCube.m */; };
		788210F227C781D400869AFF /* LGTextCube.m in Sources */ = {isa = PBXBuildFile; fileRef = 788210F127C781D400869AFF /* LGTextCube.m */; };
		78E921C026DF26E900B87EA1 /* AppDelegate.m in Sources */ = {isa = PBXBuildFile; fileRef = 78E921BF26DF26E900B87EA1 /* AppDelegate.m */; };
		78E921C626DF26E900B87EA1 /* ViewController.m in Sources */ = {isa = PBXBuildFile; fileRef = 78E921C526DF26E900B87EA1 /* ViewController.m */; };
		78E921CB26DF26ED00B87EA1 /* Assets.xcassets in Resources */ = {isa = PBXBuildFile; fileRef = 78E921CA26DF26ED00B87EA1 /* Assets.xcassets */; };
		78E921CE26DF26ED00B87EA1 /* LaunchScreen.storyboard in Resources */ = {isa = PBXBuildFile; fileRef = 78E921CC26DF26ED00B87EA1 /* LaunchScreen.storyboard */; };
		78E921D126DF26ED00B87EA1 /* main.m in Sources */ = {isa = PBXBuildFile; fileRef = 78E921D026DF26ED00B87EA1 /* main.m */; };
		C2899313815B99B2E6C1E1B7 /* Pods_YPPCubeDemo.framework in Frameworks */ = {isa = PBXBuildFile; fileRef = 5019C3EB9D524FED18C2B72C /* Pods_YPPCubeDemo.framework */; };
/* End PBXBuildFile section */

/* Begin PBXFileReference section */
		28C545F42C1C83D30021AA71 /* LGVGroupController.h */ = {isa = PBXFileReference; lastKnownFileType = sourcecode.c.h; path = LGVGroupController.h; sourceTree = "<group>"; };
		28C545F52C1C83D30021AA71 /* LGVGroupController.m */ = {isa = PBXFileReference; lastKnownFileType = sourcecode.c.objc; path = LGVGroupController.m; sourceTree = "<group>"; };
		28C545F82C1D37A80021AA71 /* LGVGroupAxis.h */ = {isa = PBXFileReference; lastKnownFileType = sourcecode.c.h; path = LGVGroupAxis.h; sourceTree = "<group>"; };
		28C545F92C1D37A80021AA71 /* LGVGroupAxis.m */ = {isa = PBXFileReference; lastKnownFileType = sourcecode.c.objc; path = LGVGroupAxis.m; sourceTree = "<group>"; };
		28C545FD2C1FD3EF0021AA71 /* LGHGroupAxis.h */ = {isa = PBXFileReference; lastKnownFileType = sourcecode.c.h; path = LGHGroupAxis.h; sourceTree = "<group>"; };
		28C545FE2C1FD3EF0021AA71 /* LGHGroupAxis.m */ = {isa = PBXFileReference; lastKnownFileType = sourcecode.c.objc; path = LGHGroupAxis.m; sourceTree = "<group>"; };
		28C546002C1FD4140021AA71 /* LGHGroupController.h */ = {isa = PBXFileReference; lastKnownFileType = sourcecode.c.h; path = LGHGroupController.h; sourceTree = "<group>"; };
		28C546012C1FD4140021AA71 /* LGHGroupController.m */ = {isa = PBXFileReference; lastKnownFileType = sourcecode.c.objc; path = LGHGroupController.m; sourceTree = "<group>"; };
		28C546042C1FDC0D0021AA71 /* LGZGroupController.h */ = {isa = PBXFileReference; lastKnownFileType = sourcecode.c.h; path = LGZGroupController.h; sourceTree = "<group>"; };
		28C546052C1FDC0D0021AA71 /* LGZGroupController.m */ = {isa = PBXFileReference; lastKnownFileType = sourcecode.c.objc; path = LGZGroupController.m; sourceTree = "<group>"; };
		28C546072C1FDC370021AA71 /* LGZGroupAxis.h */ = {isa = PBXFileReference; lastKnownFileType = sourcecode.c.h; path = LGZGroupAxis.h; sourceTree = "<group>"; };
		28C546082C1FDC370021AA71 /* LGZGroupAxis.m */ = {isa = PBXFileReference; lastKnownFileType = sourcecode.c.objc; path = LGZGroupAxis.m; sourceTree = "<group>"; };
		28C5460B2C1FDFC70021AA71 /* LGComposeController.h */ = {isa = PBXFileReference; lastKnownFileType = sourcecode.c.h; path = LGComposeController.h; sourceTree = "<group>"; };
		28C5460C2C1FDFC70021AA71 /* LGComposeController.m */ = {isa = PBXFileReference; lastKnownFileType = sourcecode.c.objc; path = LGComposeController.m; sourceTree = "<group>"; };
		28C5460E2C1FE11D0021AA71 /* LGComposeCube.h */ = {isa = PBXFileReference; lastKnownFileType = sourcecode.c.h; path = LGComposeCube.h; sourceTree = "<group>"; };
		28C5460F2C1FE11D0021AA71 /* LGComposeCube.m */ = {isa = PBXFileReference; lastKnownFileType = sourcecode.c.objc; path = LGComposeCube.m; sourceTree = "<group>"; };
		28C546112C1FE1370021AA71 /* LGComposeAxis.h */ = {isa = PBXFileReference; lastKnownFileType = sourcecode.c.h; path = LGComposeAxis.h; sourceTree = "<group>"; };
		28C546122C1FE1370021AA71 /* LGComposeAxis.m */ = {isa = PBXFileReference; lastKnownFileType = sourcecode.c.objc; path = LGComposeAxis.m; sourceTree = "<group>"; };
		28C546142C1FE5BA0021AA71 /* LGHeaderCube.h */ = {isa = PBXFileReference; lastKnownFileType = sourcecode.c.h; path = LGHeaderCube.h; sourceTree = "<group>"; };
		28C546152C1FE5BA0021AA71 /* LGHeaderCube.m */ = {isa = PBXFileReference; lastKnownFileType = sourcecode.c.objc; path = LGHeaderCube.m; sourceTree = "<group>"; };
		28C546172C1FE7E00021AA71 /* LGSeatCube.h */ = {isa = PBXFileReference; lastKnownFileType = sourcecode.c.h; path = LGSeatCube.h; sourceTree = "<group>"; };
		28C546182C1FE7E00021AA71 /* LGSeatCube.m */ = {isa = PBXFileReference; lastKnownFileType = sourcecode.c.objc; path = LGSeatCube.m; sourceTree = "<group>"; };
		28C5461A2C1FE8260021AA71 /* LGMiddleCube.h */ = {isa = PBXFileReference; lastKnownFileType = sourcecode.c.h; path = LGMiddleCube.h; sourceTree = "<group>"; };
		28C5461B2C1FE8260021AA71 /* LGMiddleCube.m */ = {isa = PBXFileReference; lastKnownFileType = sourcecode.c.objc; path = LGMiddleCube.m; sourceTree = "<group>"; };
		28C5461D2C1FE83E0021AA71 /* LGChatCube.h */ = {isa = PBXFileReference; lastKnownFileType = sourcecode.c.h; path = LGChatCube.h; sourceTree = "<group>"; };
		28C5461E2C1FE83E0021AA71 /* LGChatCube.m */ = {isa = PBXFileReference; lastKnownFileType = sourcecode.c.objc; path = LGChatCube.m; sourceTree = "<group>"; };
		28C546202C1FE8660021AA71 /* LGSiderCube.h */ = {isa = PBXFileReference; lastKnownFileType = sourcecode.c.h; path = LGSiderCube.h; sourceTree = "<group>"; };
		28C546212C1FE8660021AA71 /* LGSiderCube.m */ = {isa = PBXFileReference; lastKnownFileType = sourcecode.c.objc; path = LGSiderCube.m; sourceTree = "<group>"; };
		28C546232C1FE8870021AA71 /* LGInputCube.h */ = {isa = PBXFileReference; lastKnownFileType = sourcecode.c.h; path = LGInputCube.h; sourceTree = "<group>"; };
		28C546242C1FE8870021AA71 /* LGInputCube.m */ = {isa = PBXFileReference; lastKnownFileType = sourcecode.c.objc; path = LGInputCube.m; sourceTree = "<group>"; };
		28C546262C1FF7B50021AA71 /* LGLayerCube.h */ = {isa = PBXFileReference; lastKnownFileType = sourcecode.c.h; path = LGLayerCube.h; sourceTree = "<group>"; };
		28C546272C1FF7B50021AA71 /* LGLayerCube.m */ = {isa = PBXFileReference; lastKnownFileType = sourcecode.c.objc; path = LGLayerCube.m; sourceTree = "<group>"; };
		28C546292C1FF8AF0021AA71 /* LGInputPresentCube.h */ = {isa = PBXFileReference; lastKnownFileType = sourcecode.c.h; path = LGInputPresentCube.h; sourceTree = "<group>"; };
		28C5462A2C1FF8AF0021AA71 /* LGInputPresentCube.m */ = {isa = PBXFileReference; lastKnownFileType = sourcecode.c.objc; path = LGInputPresentCube.m; sourceTree = "<group>"; };
		28C5462C2C2002280021AA71 /* LGEventBus.h */ = {isa = PBXFileReference; lastKnownFileType = sourcecode.c.h; path = LGEventBus.h; sourceTree = "<group>"; };
		28C5462D2C2002280021AA71 /* LGEventBus.m */ = {isa = PBXFileReference; lastKnownFileType = sourcecode.c.objc; path = LGEventBus.m; sourceTree = "<group>"; };
		5019C3EB9D524FED18C2B72C /* Pods_YPPCubeDemo.framework */ = {isa = PBXFileReference; explicitFileType = wrapper.framework; includeInIndex = 0; path = Pods_YPPCubeDemo.framework; sourceTree = BUILT_PRODUCTS_DIR; };
		659A5DE30988E827A33EE6CC /* Pods-YPPCubeDemo.debug.xcconfig */ = {isa = PBXFileReference; includeInIndex = 1; lastKnownFileType = text.xcconfig; name = "Pods-YPPCubeDemo.debug.xcconfig"; path = "Target Support Files/Pods-YPPCubeDemo/Pods-YPPCubeDemo.debug.xcconfig"; sourceTree = "<group>"; };
		788210E727C781A600869AFF /* LGLiveStreamCube.m */ = {isa = PBXFileReference; fileEncoding = 4; lastKnownFileType = sourcecode.c.objc; path = LGLiveStreamCube.m; sourceTree = "<group>"; };
		788210E927C781A600869AFF /* LGLiveCoverCube.h */ = {isa = PBXFileReference; fileEncoding = 4; lastKnownFileType = sourcecode.c.h; path = LGLiveCoverCube.h; sourceTree = "<group>"; };
		788210EA27C781A600869AFF /* LGLiveCoverCube.m */ = {isa = PBXFileReference; fileEncoding = 4; lastKnownFileType = sourcecode.c.objc; path = LGLiveCoverCube.m; sourceTree = "<group>"; };
		788210EB27C781A600869AFF /* LGLiveStreamCube.h */ = {isa = PBXFileReference; fileEncoding = 4; lastKnownFileType = sourcecode.c.h; path = LGLiveStreamCube.h; sourceTree = "<group>"; };
		788210F027C781D400869AFF /* LGTextCube.h */ = {isa = PBXFileReference; fileEncoding = 4; lastKnownFileType = sourcecode.c.h; path = LGTextCube.h; sourceTree = "<group>"; };
		788210F127C781D400869AFF /* LGTextCube.m */ = {isa = PBXFileReference; fileEncoding = 4; lastKnownFileType = sourcecode.c.objc; path = LGTextCube.m; sourceTree = "<group>"; };
		78E921BB26DF26E900B87EA1 /* YPPCubeDemo.app */ = {isa = PBXFileReference; explicitFileType = wrapper.application; includeInIndex = 0; path = YPPCubeDemo.app; sourceTree = BUILT_PRODUCTS_DIR; };
		78E921BE26DF26E900B87EA1 /* AppDelegate.h */ = {isa = PBXFileReference; lastKnownFileType = sourcecode.c.h; path = AppDelegate.h; sourceTree = "<group>"; };
		78E921BF26DF26E900B87EA1 /* AppDelegate.m */ = {isa = PBXFileReference; lastKnownFileType = sourcecode.c.objc; path = AppDelegate.m; sourceTree = "<group>"; };
		78E921C426DF26E900B87EA1 /* ViewController.h */ = {isa = PBXFileReference; lastKnownFileType = sourcecode.c.h; path = ViewController.h; sourceTree = "<group>"; };
		78E921C526DF26E900B87EA1 /* ViewController.m */ = {isa = PBXFileReference; lastKnownFileType = sourcecode.c.objc; path = ViewController.m; sourceTree = "<group>"; };
		78E921CA26DF26ED00B87EA1 /* Assets.xcassets */ = {isa = PBXFileReference; lastKnownFileType = folder.assetcatalog; path = Assets.xcassets; sourceTree = "<group>"; };
		78E921CD26DF26ED00B87EA1 /* Base */ = {isa = PBXFileReference; lastKnownFileType = file.storyboard; name = Base; path = Base.lproj/LaunchScreen.storyboard; sourceTree = "<group>"; };
		78E921CF26DF26ED00B87EA1 /* Info.plist */ = {isa = PBXFileReference; lastKnownFileType = text.plist.xml; path = Info.plist; sourceTree = "<group>"; };
		78E921D026DF26ED00B87EA1 /* main.m */ = {isa = PBXFileReference; lastKnownFileType = sourcecode.c.objc; path = main.m; sourceTree = "<group>"; };
		C76B79CDA8FCECE6E16FC465 /* Pods-YPPCubeDemo.release.xcconfig */ = {isa = PBXFileReference; includeInIndex = 1; lastKnownFileType = text.xcconfig; name = "Pods-YPPCubeDemo.release.xcconfig"; path = "Target Support Files/Pods-YPPCubeDemo/Pods-YPPCubeDemo.release.xcconfig"; sourceTree = "<group>"; };
/* End PBXFileReference section */

/* Begin PBXFrameworksBuildPhase section */
		78E921B826DF26E900B87EA1 /* Frameworks */ = {
			isa = PBXFrameworksBuildPhase;
			buildActionMask = 2147483647;
			files = (
				C2899313815B99B2E6C1E1B7 /* Pods_YPPCubeDemo.framework in Frameworks */,
			);
			runOnlyForDeploymentPostprocessing = 0;
		};
/* End PBXFrameworksBuildPhase section */

/* Begin PBXGroup section */
		113818EEDCD05759EC12F458 /* Pods */ = {
			isa = PBXGroup;
			children = (
				659A5DE30988E827A33EE6CC /* Pods-YPPCubeDemo.debug.xcconfig */,
				C76B79CDA8FCECE6E16FC465 /* Pods-YPPCubeDemo.release.xcconfig */,
			);
			path = Pods;
			sourceTree = "<group>";
		};
		28C545F72C1D365D0021AA71 /* VGroupDemo */ = {
			isa = PBXGroup;
			children = (
				28C545F42C1C83D30021AA71 /* LGVGroupController.h */,
				28C545F52C1C83D30021AA71 /* LGVGroupController.m */,
				28C545F82C1D37A80021AA71 /* LGVGroupAxis.h */,
				28C545F92C1D37A80021AA71 /* LGVGroupAxis.m */,
			);
			path = VGroupDemo;
			sourceTree = "<group>";
		};
		28C545FB2C1D3B070021AA71 /* Cubes */ = {
			isa = PBXGroup;
			children = (
				788210E927C781A600869AFF /* LGLiveCoverCube.h */,
				788210EA27C781A600869AFF /* LGLiveCoverCube.m */,
				788210EB27C781A600869AFF /* LGLiveStreamCube.h */,
				788210E727C781A600869AFF /* LGLiveStreamCube.m */,
				788210F027C781D400869AFF /* LGTextCube.h */,
				788210F127C781D400869AFF /* LGTextCube.m */,
				28C546142C1FE5BA0021AA71 /* LGHeaderCube.h */,
				28C546152C1FE5BA0021AA71 /* LGHeaderCube.m */,
				28C546172C1FE7E00021AA71 /* LGSeatCube.h */,
				28C546182C1FE7E00021AA71 /* LGSeatCube.m */,
				28C5461A2C1FE8260021AA71 /* LGMiddleCube.h */,
				28C5461B2C1FE8260021AA71 /* LGMiddleCube.m */,
				28C5461D2C1FE83E0021AA71 /* LGChatCube.h */,
				28C5461E2C1FE83E0021AA71 /* LGChatCube.m */,
				28C546202C1FE8660021AA71 /* LGSiderCube.h */,
				28C546212C1FE8660021AA71 /* LGSiderCube.m */,
				28C546232C1FE8870021AA71 /* LGInputCube.h */,
				28C546242C1FE8870021AA71 /* LGInputCube.m */,
				28C546292C1FF8AF0021AA71 /* LGInputPresentCube.h */,
				28C5462A2C1FF8AF0021AA71 /* LGInputPresentCube.m */,
			);
			path = Cubes;
			sourceTree = "<group>";
		};
		28C545FC2C1FD3C00021AA71 /* HGroupDemo */ = {
			isa = PBXGroup;
			children = (
				28C545FD2C1FD3EF0021AA71 /* LGHGroupAxis.h */,
				28C545FE2C1FD3EF0021AA71 /* LGHGroupAxis.m */,
				28C546002C1FD4140021AA71 /* LGHGroupController.h */,
				28C546012C1FD4140021AA71 /* LGHGroupController.m */,
			);
			path = HGroupDemo;
			sourceTree = "<group>";
		};
		28C546032C1FD6140021AA71 /* ZGroupDemo */ = {
			isa = PBXGroup;
			children = (
				28C546042C1FDC0D0021AA71 /* LGZGroupController.h */,
				28C546052C1FDC0D0021AA71 /* LGZGroupController.m */,
				28C546072C1FDC370021AA71 /* LGZGroupAxis.h */,
				28C546082C1FDC370021AA71 /* LGZGroupAxis.m */,
			);
			path = ZGroupDemo;
			sourceTree = "<group>";
		};
		28C5460A2C1FDF8B0021AA71 /* ComposeDemo */ = {
			isa = PBXGroup;
			children = (
				28C546262C1FF7B50021AA71 /* LGLayerCube.h */,
				28C546272C1FF7B50021AA71 /* LGLayerCube.m */,
				28C5460B2C1FDFC70021AA71 /* LGComposeController.h */,
				28C5460C2C1FDFC70021AA71 /* LGComposeController.m */,
				28C546112C1FE1370021AA71 /* LGComposeAxis.h */,
				28C546122C1FE1370021AA71 /* LGComposeAxis.m */,
				28C5460E2C1FE11D0021AA71 /* LGComposeCube.h */,
				28C5460F2C1FE11D0021AA71 /* LGComposeCube.m */,
				28C5462C2C2002280021AA71 /* LGEventBus.h */,
				28C5462D2C2002280021AA71 /* LGEventBus.m */,
			);
			path = ComposeDemo;
			sourceTree = "<group>";
		};
		78E921B226DF26E900B87EA1 = {
			isa = PBXGroup;
			children = (
				78E921BD26DF26E900B87EA1 /* YPPCubeDemo */,
				78E921BC26DF26E900B87EA1 /* Products */,
				113818EEDCD05759EC12F458 /* Pods */,
				99557C67F048C0275040F2D4 /* Frameworks */,
			);
			sourceTree = "<group>";
		};
		78E921BC26DF26E900B87EA1 /* Products */ = {
			isa = PBXGroup;
			children = (
				78E921BB26DF26E900B87EA1 /* YPPCubeDemo.app */,
			);
			name = Products;
			sourceTree = "<group>";
		};
		78E921BD26DF26E900B87EA1 /* YPPCubeDemo */ = {
			isa = PBXGroup;
			children = (
				28C545FB2C1D3B070021AA71 /* Cubes */,
				78E921BE26DF26E900B87EA1 /* AppDelegate.h */,
				78E921BF26DF26E900B87EA1 /* AppDelegate.m */,
				78E921C426DF26E900B87EA1 /* ViewController.h */,
				78E921C526DF26E900B87EA1 /* ViewController.m */,
				28C5460A2C1FDF8B0021AA71 /* ComposeDemo */,
				28C546032C1FD6140021AA71 /* ZGroupDemo */,
				28C545FC2C1FD3C00021AA71 /* HGroupDemo */,
				28C545F72C1D365D0021AA71 /* VGroupDemo */,
				78E921CA26DF26ED00B87EA1 /* Assets.xcassets */,
				78E921CC26DF26ED00B87EA1 /* LaunchScreen.storyboard */,
				78E921CF26DF26ED00B87EA1 /* Info.plist */,
				78E921D026DF26ED00B87EA1 /* main.m */,
			);
			path = YPPCubeDemo;
			sourceTree = "<group>";
		};
		99557C67F048C0275040F2D4 /* Frameworks */ = {
			isa = PBXGroup;
			children = (
				5019C3EB9D524FED18C2B72C /* Pods_YPPCubeDemo.framework */,
			);
			name = Frameworks;
			sourceTree = "<group>";
		};
/* End PBXGroup section */

/* Begin PBXNativeTarget section */
		78E921BA26DF26E900B87EA1 /* YPPCubeDemo */ = {
			isa = PBXNativeTarget;
			buildConfigurationList = 78E921D426DF26ED00B87EA1 /* Build configuration list for PBXNativeTarget "YPPCubeDemo" */;
			buildPhases = (
				6507A06F1058BE9BE6D686B9 /* [CP] Check Pods Manifest.lock */,
				78E921B726DF26E900B87EA1 /* Sources */,
				78E921B826DF26E900B87EA1 /* Frameworks */,
				78E921B926DF26E900B87EA1 /* Resources */,
				992B810E88C78863008F1B0A /* [CP] Embed Pods Frameworks */,
			);
			buildRules = (
			);
			dependencies = (
			);
			name = YPPCubeDemo;
			productName = YPPCubeDemo;
			productReference = 78E921BB26DF26E900B87EA1 /* YPPCubeDemo.app */;
			productType = "com.apple.product-type.application";
		};
/* End PBXNativeTarget section */

/* Begin PBXProject section */
		78E921B326DF26E900B87EA1 /* Project object */ = {
			isa = PBXProject;
			attributes = {
				LastUpgradeCheck = 1250;
				TargetAttributes = {
					78E921BA26DF26E900B87EA1 = {
						CreatedOnToolsVersion = 12.5;
					};
				};
			};
			buildConfigurationList = 78E921B626DF26E900B87EA1 /* Build configuration list for PBXProject "YPPCubeDemo" */;
			compatibilityVersion = "Xcode 9.3";
			developmentRegion = en;
			hasScannedForEncodings = 0;
			knownRegions = (
				en,
				Base,
			);
			mainGroup = 78E921B226DF26E900B87EA1;
			productRefGroup = 78E921BC26DF26E900B87EA1 /* Products */;
			projectDirPath = "";
			projectRoot = "";
			targets = (
				78E921BA26DF26E900B87EA1 /* YPPCubeDemo */,
			);
		};
/* End PBXProject section */

/* Begin PBXResourcesBuildPhase section */
		78E921B926DF26E900B87EA1 /* Resources */ = {
			isa = PBXResourcesBuildPhase;
			buildActionMask = 2147483647;
			files = (
				78E921CE26DF26ED00B87EA1 /* LaunchScreen.storyboard in Resources */,
				78E921CB26DF26ED00B87EA1 /* Assets.xcassets in Resources */,
			);
			runOnlyForDeploymentPostprocessing = 0;
		};
/* End PBXResourcesBuildPhase section */

/* Begin PBXShellScriptBuildPhase section */
		6507A06F1058BE9BE6D686B9 /* [CP] Check Pods Manifest.lock */ = {
			isa = PBXShellScriptBuildPhase;
			buildActionMask = 2147483647;
			files = (
			);
			inputFileListPaths = (
			);
			inputPaths = (
				"${PODS_PODFILE_DIR_PATH}/Podfile.lock",
				"${PODS_ROOT}/Manifest.lock",
			);
			name = "[CP] Check Pods Manifest.lock";
			outputFileListPaths = (
			);
			outputPaths = (
				"$(DERIVED_FILE_DIR)/Pods-YPPCubeDemo-checkManifestLockResult.txt",
			);
			runOnlyForDeploymentPostprocessing = 0;
			shellPath = /bin/sh;
			shellScript = "diff \"${PODS_PODFILE_DIR_PATH}/Podfile.lock\" \"${PODS_ROOT}/Manifest.lock\" > /dev/null\nif [ $? != 0 ] ; then\n    # print error to STDERR\n    echo \"error: The sandbox is not in sync with the Podfile.lock. Run 'pod install' or update your CocoaPods installation.\" >&2\n    exit 1\nfi\n# This output is used by Xcode 'outputs' to avoid re-running this script phase.\necho \"SUCCESS\" > \"${SCRIPT_OUTPUT_FILE_0}\"\n";
			showEnvVarsInLog = 0;
		};
		992B810E88C78863008F1B0A /* [CP] Embed Pods Frameworks */ = {
			isa = PBXShellScriptBuildPhase;
			buildActionMask = 2147483647;
			files = (
			);
			inputFileListPaths = (
				"${PODS_ROOT}/Target Support Files/Pods-YPPCubeDemo/Pods-YPPCubeDemo-frameworks-${CONFIGURATION}-input-files.xcfilelist",
			);
			name = "[CP] Embed Pods Frameworks";
			outputFileListPaths = (
				"${PODS_ROOT}/Target Support Files/Pods-YPPCubeDemo/Pods-YPPCubeDemo-frameworks-${CONFIGURATION}-output-files.xcfilelist",
			);
			runOnlyForDeploymentPostprocessing = 0;
			shellPath = /bin/sh;
			shellScript = "\"${PODS_ROOT}/Target Support Files/Pods-YPPCubeDemo/Pods-YPPCubeDemo-frameworks.sh\"\n";
			showEnvVarsInLog = 0;
		};
/* End PBXShellScriptBuildPhase section */

/* Begin PBXSourcesBuildPhase section */
		78E921B726DF26E900B87EA1 /* Sources */ = {
			isa = PBXSourcesBuildPhase;
			buildActionMask = 2147483647;
			files = (
				28C546092C1FDC370021AA71 /* LGZGroupAxis.m in Sources */,
				28C546062C1FDC0D0021AA71 /* LGZGroupController.m in Sources */,
				28C546192C1FE7E00021AA71 /* LGSeatCube.m in Sources */,
				78E921C626DF26E900B87EA1 /* ViewController.m in Sources */,
				28C546162C1FE5BA0021AA71 /* LGHeaderCube.m in Sources */,
				28C5461C2C1FE8260021AA71 /* LGMiddleCube.m in Sources */,
				788210ED27C781A600869AFF /* LGLiveStreamCube.m in Sources */,
				28C545F62C1C83D30021AA71 /* LGVGroupController.m in Sources */,
				28C546132C1FE1370021AA71 /* LGComposeAxis.m in Sources */,
				28C5460D2C1FDFC70021AA71 /* LGComposeController.m in Sources */,
				788210EE27C781A600869AFF /* LGLiveCoverCube.m in Sources */,
				28C545FA2C1D37A80021AA71 /* LGVGroupAxis.m in Sources */,
				28C5462B2C1FF8AF0021AA71 /* LGInputPresentCube.m in Sources */,
				28C545FF2C1FD3EF0021AA71 /* LGHGroupAxis.m in Sources */,
				788210F227C781D400869AFF /* LGTextCube.m in Sources */,
				78E921C026DF26E900B87EA1 /* AppDelegate.m in Sources */,
				28C5461F2C1FE83E0021AA71 /* LGChatCube.m in Sources */,
				28C546252C1FE8870021AA71 /* LGInputCube.m in Sources */,
				28C546282C1FF7B50021AA71 /* LGLayerCube.m in Sources */,
				28C546222C1FE8660021AA71 /* LGSiderCube.m in Sources */,
				28C546102C1FE11D0021AA71 /* LGComposeCube.m in Sources */,
				78E921D126DF26ED00B87EA1 /* main.m in Sources */,
				28C5462E2C2002280021AA71 /* LGEventBus.m in Sources */,
				28C546022C1FD4140021AA71 /* LGHGroupController.m in Sources */,
			);
			runOnlyForDeploymentPostprocessing = 0;
		};
/* End PBXSourcesBuildPhase section */

/* Begin PBXVariantGroup section */
		78E921CC26DF26ED00B87EA1 /* LaunchScreen.storyboard */ = {
			isa = PBXVariantGroup;
			children = (
				78E921CD26DF26ED00B87EA1 /* Base */,
			);
			name = LaunchScreen.storyboard;
			sourceTree = "<group>";
		};
/* End PBXVariantGroup section */

/* Begin XCBuildConfiguration section */
		78E921D226DF26ED00B87EA1 /* Debug */ = {
			isa = XCBuildConfiguration;
			buildSettings = {
				ALWAYS_SEARCH_USER_PATHS = NO;
				CLANG_ANALYZER_NONNULL = YES;
				CLANG_ANALYZER_NUMBER_OBJECT_CONVERSION = YES_AGGRESSIVE;
				CLANG_CXX_LANGUAGE_STANDARD = "gnu++14";
				CLANG_CXX_LIBRARY = "libc++";
				CLANG_ENABLE_MODULES = YES;
				CLANG_ENABLE_OBJC_ARC = YES;
				CLANG_ENABLE_OBJC_WEAK = YES;
				CLANG_WARN_BLOCK_CAPTURE_AUTORELEASING = YES;
				CLANG_WARN_BOOL_CONVERSION = YES;
				CLANG_WARN_COMMA = YES;
				CLANG_WARN_CONSTANT_CONVERSION = YES;
				CLANG_WARN_DEPRECATED_OBJC_IMPLEMENTATIONS = YES;
				CLANG_WARN_DIRECT_OBJC_ISA_USAGE = YES_ERROR;
				CLANG_WARN_DOCUMENTATION_COMMENTS = YES;
				CLANG_WARN_EMPTY_BODY = YES;
				CLANG_WARN_ENUM_CONVERSION = YES;
				CLANG_WARN_INFINITE_RECURSION = YES;
				CLANG_WARN_INT_CONVERSION = YES;
				CLANG_WARN_NON_LITERAL_NULL_CONVERSION = YES;
				CLANG_WARN_OBJC_IMPLICIT_RETAIN_SELF = YES;
				CLANG_WARN_OBJC_LITERAL_CONVERSION = YES;
				CLANG_WARN_OBJC_ROOT_CLASS = YES_ERROR;
				CLANG_WARN_QUOTED_INCLUDE_IN_FRAMEWORK_HEADER = YES;
				CLANG_WARN_RANGE_LOOP_ANALYSIS = YES;
				CLANG_WARN_STRICT_PROTOTYPES = YES;
				CLANG_WARN_SUSPICIOUS_MOVE = YES;
				CLANG_WARN_UNGUARDED_AVAILABILITY = YES_AGGRESSIVE;
				CLANG_WARN_UNREACHABLE_CODE = YES;
				CLANG_WARN__DUPLICATE_METHOD_MATCH = YES;
				COPY_PHASE_STRIP = NO;
				DEBUG_INFORMATION_FORMAT = dwarf;
				ENABLE_STRICT_OBJC_MSGSEND = YES;
				ENABLE_TESTABILITY = YES;
				GCC_C_LANGUAGE_STANDARD = gnu11;
				GCC_DYNAMIC_NO_PIC = NO;
				GCC_NO_COMMON_BLOCKS = YES;
				GCC_OPTIMIZATION_LEVEL = 0;
				GCC_PREPROCESSOR_DEFINITIONS = (
					"DEBUG=1",
					"$(inherited)",
				);
				GCC_WARN_64_TO_32_BIT_CONVERSION = YES;
				GCC_WARN_ABOUT_RETURN_TYPE = YES_ERROR;
				GCC_WARN_UNDECLARED_SELECTOR = YES;
				GCC_WARN_UNINITIALIZED_AUTOS = YES_AGGRESSIVE;
				GCC_WARN_UNUSED_FUNCTION = YES;
				GCC_WARN_UNUSED_VARIABLE = YES;
				IPHONEOS_DEPLOYMENT_TARGET = 14.5;
				MTL_ENABLE_DEBUG_INFO = INCLUDE_SOURCE;
				MTL_FAST_MATH = YES;
				ONLY_ACTIVE_ARCH = YES;
				SDKROOT = iphoneos;
			};
			name = Debug;
		};
		78E921D326DF26ED00B87EA1 /* Release */ = {
			isa = XCBuildConfiguration;
			buildSettings = {
				ALWAYS_SEARCH_USER_PATHS = NO;
				CLANG_ANALYZER_NONNULL = YES;
				CLANG_ANALYZER_NUMBER_OBJECT_CONVERSION = YES_AGGRESSIVE;
				CLANG_CXX_LANGUAGE_STANDARD = "gnu++14";
				CLANG_CXX_LIBRARY = "libc++";
				CLANG_ENABLE_MODULES = YES;
				CLANG_ENABLE_OBJC_ARC = YES;
				CLANG_ENABLE_OBJC_WEAK = YES;
				CLANG_WARN_BLOCK_CAPTURE_AUTORELEASING = YES;
				CLANG_WARN_BOOL_CONVERSION = YES;
				CLANG_WARN_COMMA = YES;
				CLANG_WARN_CONSTANT_CONVERSION = YES;
				CLANG_WARN_DEPRECATED_OBJC_IMPLEMENTATIONS = YES;
				CLANG_WARN_DIRECT_OBJC_ISA_USAGE = YES_ERROR;
				CLANG_WARN_DOCUMENTATION_COMMENTS = YES;
				CLANG_WARN_EMPTY_BODY = YES;
				CLANG_WARN_ENUM_CONVERSION = YES;
				CLANG_WARN_INFINITE_RECURSION = YES;
				CLANG_WARN_INT_CONVERSION = YES;
				CLANG_WARN_NON_LITERAL_NULL_CONVERSION = YES;
				CLANG_WARN_OBJC_IMPLICIT_RETAIN_SELF = YES;
				CLANG_WARN_OBJC_LITERAL_CONVERSION = YES;
				CLANG_WARN_OBJC_ROOT_CLASS = YES_ERROR;
				CLANG_WARN_QUOTED_INCLUDE_IN_FRAMEWORK_HEADER = YES;
				CLANG_WARN_RANGE_LOOP_ANALYSIS = YES;
				CLANG_WARN_STRICT_PROTOTYPES = YES;
				CLANG_WARN_SUSPICIOUS_MOVE = YES;
				CLANG_WARN_UNGUARDED_AVAILABILITY = YES_AGGRESSIVE;
				CLANG_WARN_UNREACHABLE_CODE = YES;
				CLANG_WARN__DUPLICATE_METHOD_MATCH = YES;
				COPY_PHASE_STRIP = NO;
				DEBUG_INFORMATION_FORMAT = "dwarf-with-dsym";
				ENABLE_NS_ASSERTIONS = NO;
				ENABLE_STRICT_OBJC_MSGSEND = YES;
				GCC_C_LANGUAGE_STANDARD = gnu11;
				GCC_NO_COMMON_BLOCKS = YES;
				GCC_WARN_64_TO_32_BIT_CONVERSION = YES;
				GCC_WARN_ABOUT_RETURN_TYPE = YES_ERROR;
				GCC_WARN_UNDECLARED_SELECTOR = YES;
				GCC_WARN_UNINITIALIZED_AUTOS = YES_AGGRESSIVE;
				GCC_WARN_UNUSED_FUNCTION = YES;
				GCC_WARN_UNUSED_VARIABLE = YES;
				IPHONEOS_DEPLOYMENT_TARGET = 14.5;
				MTL_ENABLE_DEBUG_INFO = NO;
				MTL_FAST_MATH = YES;
				SDKROOT = iphoneos;
				VALIDATE_PRODUCT = YES;
			};
			name = Release;
		};
		78E921D526DF26ED00B87EA1 /* Debug */ = {
			isa = XCBuildConfiguration;
			baseConfigurationReference = 659A5DE30988E827A33EE6CC /* Pods-YPPCubeDemo.debug.xcconfig */;
			buildSettings = {
				ASSETCATALOG_COMPILER_APPICON_NAME = AppIcon;
				ASSETCATALOG_COMPILER_GLOBAL_ACCENT_COLOR_NAME = AccentColor;
				CODE_SIGN_STYLE = Automatic;
				DEVELOPMENT_TEAM = BBH3U98L88;
				INFOPLIST_FILE = YPPCubeDemo/Info.plist;
				IPHONEOS_DEPLOYMENT_TARGET = 12.0;
				LD_RUNPATH_SEARCH_PATHS = (
					"$(inherited)",
					"@executable_path/Frameworks",
				);
				PRODUCT_BUNDLE_IDENTIFIER = com.sam.www.YPPCubeDemo;
				PRODUCT_NAME = "$(TARGET_NAME)";
				TARGETED_DEVICE_FAMILY = "1,2";
			};
			name = Debug;
		};
		78E921D626DF26ED00B87EA1 /* Release */ = {
			isa = XCBuildConfiguration;
			baseConfigurationReference = C76B79CDA8FCECE6E16FC465 /* Pods-YPPCubeDemo.release.xcconfig */;
			buildSettings = {
				ASSETCATALOG_COMPILER_APPICON_NAME = AppIcon;
				ASSETCATALOG_COMPILER_GLOBAL_ACCENT_COLOR_NAME = AccentColor;
				CODE_SIGN_STYLE = Automatic;
				DEVELOPMENT_TEAM = BBH3U98L88;
				INFOPLIST_FILE = YPPCubeDemo/Info.plist;
				IPHONEOS_DEPLOYMENT_TARGET = 12.0;
				LD_RUNPATH_SEARCH_PATHS = (
					"$(inherited)",
					"@executable_path/Frameworks",
				);
				PRODUCT_BUNDLE_IDENTIFIER = com.sam.www.YPPCubeDemo;
				PRODUCT_NAME = "$(TARGET_NAME)";
				TARGETED_DEVICE_FAMILY = "1,2";
			};
			name = Release;
		};
/* End XCBuildConfiguration section */

/* Begin XCConfigurationList section */
		78E921B626DF26E900B87EA1 /* Build configuration list for PBXProject "YPPCubeDemo" */ = {
			isa = XCConfigurationList;
			buildConfigurations = (
				78E921D226DF26ED00B87EA1 /* Debug */,
				78E921D326DF26ED00B87EA1 /* Release */,
			);
			defaultConfigurationIsVisible = 0;
			defaultConfigurationName = Release;
		};
		78E921D426DF26ED00B87EA1 /* Build configuration list for PBXNativeTarget "YPPCubeDemo" */ = {
			isa = XCConfigurationList;
			buildConfigurations = (
				78E921D526DF26ED00B87EA1 /* Debug */,
				78E921D626DF26ED00B87EA1 /* Release */,
			);
			defaultConfigurationIsVisible = 0;
			defaultConfigurationName = Release;
		};
/* End XCConfigurationList section */
	};
	rootObject = 78E921B326DF26E900B87EA1 /* Project object */;
}
